
Microsoft Visual Studio Solution File, Format Version 12.00
# Visual Studio Version 16
VisualStudioVersion = 16.0.30225.117
MinimumVisualStudioVersion = 10.0.40219.1
Project("{FAE04EC0-301F-11D3-BF4B-00C04F79EFBC}") = "LongestCommon", "LongestCommon\LongestCommon.csproj", "{A9BA87BA-D26E-4055-82A7-83770E0E913C}"
EndProject
Global
	GlobalSection(SolutionConfigurationPlatforms) = preSolution
		Debug|Any CPU = Debug|Any CPU
		Release|Any CPU = Release|Any CPU
	EndGlobalSection
	GlobalSection(ProjectConfigurationPlatforms) = postSolution
		{A9BA87BA-D26E-4055-82A7-83770E0E913C}.Debug|Any CPU.ActiveCfg = Debug|Any CPU
		{A9BA87BA-D26E-4055-82A7-83770E0E913C}.Debug|Any CPU.Build.0 = Debug|Any CPU
		{A9BA87BA-D26E-4055-82A7-83770E0E913C}.Release|Any CPU.ActiveCfg = Release|Any CPU
		{A9BA87BA-D26E-4055-82A7-83770E0E913C}.Release|Any CPU.Build.0 = Release|Any CPU
	EndGlobalSection
	GlobalSection(SolutionProperties) = preSolution
		HideSolutionNode = FALSE
	EndGlobalSection
	GlobalSection(ExtensibilityGlobals) = postSolution
		SolutionGuid = {ADA7B494-24B4-4933-973F-D485CBA8D779}
	EndGlobalSection
EndGlobal
